{
    "name": "@datawrapper/plugin-tables",
    "version": "2.0.0",
    "lockfileVersion": 1,
    "requires": true,
    "dependencies": {
        "eslint-plugin-svelte3": {
            "version": "1.0.0",
            "resolved": "https://registry.npmjs.org/eslint-plugin-svelte3/-/eslint-plugin-svelte3-1.0.0.tgz",
            "integrity": "sha512-lsKUKPrzsjB4JAwmGhfg/Xssc/+L4KU8oL5WNZ0q/D3DkYkIVE4XpT/j8TY6oEFLd31Sznm7itw8Q7RsK6g0cA==",
            "dev": true
        }
    }
}
