{
    "name": "tests",
    "lockfileVersion": 2,
    "requires": true,
    "packages": {
        "": {
            "dependencies": {
                "@datawrapper/orm-lib": "file:../lib",
                "@datawrapper/orm-test-plugin": "file:../test-plugins/orm-test"
            }
        },
        "../lib": {
            "name": "@datawrapper/orm-lib"
        },
        "../test-plugins/orm-test": {
            "name": "@datawrapper/orm-test-plugin",
            "dependencies": {
                "@datawrapper/orm-lib": "file:../../lib"
            }
        },
        "node_modules/@datawrapper/orm-lib": {
            "resolved": "../lib",
            "link": true
        },
        "node_modules/@datawrapper/orm-test-plugin": {
            "resolved": "../test-plugins/orm-test",
            "link": true
        }
    },
    "dependencies": {
        "@datawrapper/orm-lib": {
            "version": "file:../lib"
        },
        "@datawrapper/orm-test-plugin": {
            "version": "file:../test-plugins/orm-test",
            "requires": {
                "@datawrapper/orm-lib": "file:../../lib"
            }
        }
    }
}
