{
    "name": "@datawrapper/orm-test-plugin",
    "lockfileVersion": 2,
    "requires": true,
    "packages": {
        "": {
            "name": "@datawrapper/orm-test-plugin",
            "dependencies": {
                "@datawrapper/orm-lib": "file:../../lib"
            }
        },
        "../../lib": {
            "name": "@datawrapper/orm-lib"
        },
        "node_modules/@datawrapper/orm-lib": {
            "resolved": "../../lib",
            "link": true
        }
    },
    "dependencies": {
        "@datawrapper/orm-lib": {
            "version": "file:../../lib"
        }
    }
}
