{
    "name": "api-v1",
    "version": "1.0.0",
    "lockfileVersion": 2,
    "requires": true,
    "packages": {
        "": {
            "version": "1.0.0",
            "dependencies": {
                "@hapi/boom": "^9.1.0",
                "assign-deep": "^1.0.1",
                "lodash": "^4.17.20"
            },
            "peerDependencies": {
                "joi": "17.x"
            }
        },
        "node_modules/@hapi/boom": {
            "version": "9.1.0",
            "resolved": "https://registry.npmjs.org/@hapi/boom/-/boom-9.1.0.tgz",
            "integrity": "sha512-4nZmpp4tXbm162LaZT45P7F7sgiem8dwAh2vHWT6XX24dozNjGMg6BvKCRvtCUcmcXqeMIUqWN8Rc5X8yKuROQ==",
            "dependencies": {
                "@hapi/hoek": "9.x.x"
            }
        },
        "node_modules/@hapi/hoek": {
            "version": "9.1.0",
            "resolved": "https://registry.npmjs.org/@hapi/hoek/-/hoek-9.1.0.tgz",
            "integrity": "sha512-i9YbZPN3QgfighY/1X1Pu118VUz2Fmmhd6b2n0/O8YVgGGfw0FbUYoA97k7FkpGJ+pLCFEDLUmAPPV4D1kpeFw=="
        },
        "node_modules/@hapi/topo": {
            "version": "5.0.0",
            "resolved": "https://registry.npmjs.org/@hapi/topo/-/topo-5.0.0.tgz",
            "integrity": "sha512-tFJlT47db0kMqVm3H4nQYgn6Pwg10GTZHb1pwmSiv1K4ks6drQOtfEF5ZnPjkvC+y4/bUPHK+bc87QvLcL+WMw==",
            "peer": true,
            "dependencies": {
                "@hapi/hoek": "^9.0.0"
            }
        },
        "node_modules/@sideway/address": {
            "version": "4.1.2",
            "resolved": "https://registry.npmjs.org/@sideway/address/-/address-4.1.2.tgz",
            "integrity": "sha512-idTz8ibqWFrPU8kMirL0CoPH/A29XOzzAzpyN3zQ4kAWnzmNfFmRaoMNN6VI8ske5M73HZyhIaW4OuSFIdM4oA==",
            "peer": true,
            "dependencies": {
                "@hapi/hoek": "^9.0.0"
            }
        },
        "node_modules/@sideway/formula": {
            "version": "3.0.0",
            "resolved": "https://registry.npmjs.org/@sideway/formula/-/formula-3.0.0.tgz",
            "integrity": "sha512-vHe7wZ4NOXVfkoRb8T5otiENVlT7a3IAiw7H5M2+GO+9CDgcVUUsX1zalAztCmwyOr2RUTGJdgB+ZvSVqmdHmg==",
            "peer": true
        },
        "node_modules/@sideway/pinpoint": {
            "version": "2.0.0",
            "resolved": "https://registry.npmjs.org/@sideway/pinpoint/-/pinpoint-2.0.0.tgz",
            "integrity": "sha512-RNiOoTPkptFtSVzQevY/yWtZwf/RxyVnPy/OcA9HBM3MlGDnBEYL5B41H0MTn0Uec8Hi+2qUtTfG2WWZBmMejQ==",
            "peer": true
        },
        "node_modules/assign-deep": {
            "version": "1.0.1",
            "resolved": "https://registry.npmjs.org/assign-deep/-/assign-deep-1.0.1.tgz",
            "integrity": "sha512-CSXAX79mibneEYfqLT5FEmkqR5WXF+xDRjgQQuVf6wSCXCYU8/vHttPidNar7wJ5BFmKAo8Wei0rCtzb+M/yeA==",
            "dependencies": {
                "assign-symbols": "^2.0.2"
            },
            "engines": {
                "node": ">=6"
            }
        },
        "node_modules/assign-symbols": {
            "version": "2.0.2",
            "resolved": "https://registry.npmjs.org/assign-symbols/-/assign-symbols-2.0.2.tgz",
            "integrity": "sha512-9sBQUQZMKFKcO/C3Bo6Rx4CQany0R0UeVcefNGRRdW2vbmaMOhV1sbmlXcQLcD56juLXbSGTBm0GGuvmrAF8pA==",
            "engines": {
                "node": ">=6"
            }
        },
        "node_modules/joi": {
            "version": "17.4.0",
            "resolved": "https://registry.npmjs.org/joi/-/joi-17.4.0.tgz",
            "integrity": "sha512-F4WiW2xaV6wc1jxete70Rw4V/VuMd6IN+a5ilZsxG4uYtUXWu2kq9W5P2dz30e7Gmw8RCbY/u/uk+dMPma9tAg==",
            "peer": true,
            "dependencies": {
                "@hapi/hoek": "^9.0.0",
                "@hapi/topo": "^5.0.0",
                "@sideway/address": "^4.1.0",
                "@sideway/formula": "^3.0.0",
                "@sideway/pinpoint": "^2.0.0"
            }
        },
        "node_modules/lodash": {
            "version": "4.17.20",
            "resolved": "https://registry.npmjs.org/lodash/-/lodash-4.17.20.tgz",
            "integrity": "sha512-PlhdFcillOINfeV7Ni6oF1TAEayyZBoZ8bcshTHqOYJYlrqzRK5hagpagky5o4HfCzzd1TRkXPMFq6cKk9rGmA=="
        }
    },
    "dependencies": {
        "@hapi/boom": {
            "version": "9.1.0",
            "resolved": "https://registry.npmjs.org/@hapi/boom/-/boom-9.1.0.tgz",
            "integrity": "sha512-4nZmpp4tXbm162LaZT45P7F7sgiem8dwAh2vHWT6XX24dozNjGMg6BvKCRvtCUcmcXqeMIUqWN8Rc5X8yKuROQ==",
            "requires": {
                "@hapi/hoek": "9.x.x"
            }
        },
        "@hapi/hoek": {
            "version": "9.1.0",
            "resolved": "https://registry.npmjs.org/@hapi/hoek/-/hoek-9.1.0.tgz",
            "integrity": "sha512-i9YbZPN3QgfighY/1X1Pu118VUz2Fmmhd6b2n0/O8YVgGGfw0FbUYoA97k7FkpGJ+pLCFEDLUmAPPV4D1kpeFw=="
        },
        "@hapi/topo": {
            "version": "5.0.0",
            "resolved": "https://registry.npmjs.org/@hapi/topo/-/topo-5.0.0.tgz",
            "integrity": "sha512-tFJlT47db0kMqVm3H4nQYgn6Pwg10GTZHb1pwmSiv1K4ks6drQOtfEF5ZnPjkvC+y4/bUPHK+bc87QvLcL+WMw==",
            "peer": true,
            "requires": {
                "@hapi/hoek": "^9.0.0"
            }
        },
        "@sideway/address": {
            "version": "4.1.2",
            "resolved": "https://registry.npmjs.org/@sideway/address/-/address-4.1.2.tgz",
            "integrity": "sha512-idTz8ibqWFrPU8kMirL0CoPH/A29XOzzAzpyN3zQ4kAWnzmNfFmRaoMNN6VI8ske5M73HZyhIaW4OuSFIdM4oA==",
            "peer": true,
            "requires": {
                "@hapi/hoek": "^9.0.0"
            }
        },
        "@sideway/formula": {
            "version": "3.0.0",
            "resolved": "https://registry.npmjs.org/@sideway/formula/-/formula-3.0.0.tgz",
            "integrity": "sha512-vHe7wZ4NOXVfkoRb8T5otiENVlT7a3IAiw7H5M2+GO+9CDgcVUUsX1zalAztCmwyOr2RUTGJdgB+ZvSVqmdHmg==",
            "peer": true
        },
        "@sideway/pinpoint": {
            "version": "2.0.0",
            "resolved": "https://registry.npmjs.org/@sideway/pinpoint/-/pinpoint-2.0.0.tgz",
            "integrity": "sha512-RNiOoTPkptFtSVzQevY/yWtZwf/RxyVnPy/OcA9HBM3MlGDnBEYL5B41H0MTn0Uec8Hi+2qUtTfG2WWZBmMejQ==",
            "peer": true
        },
        "assign-deep": {
            "version": "1.0.1",
            "resolved": "https://registry.npmjs.org/assign-deep/-/assign-deep-1.0.1.tgz",
            "integrity": "sha512-CSXAX79mibneEYfqLT5FEmkqR5WXF+xDRjgQQuVf6wSCXCYU8/vHttPidNar7wJ5BFmKAo8Wei0rCtzb+M/yeA==",
            "requires": {
                "assign-symbols": "^2.0.2"
            }
        },
        "assign-symbols": {
            "version": "2.0.2",
            "resolved": "https://registry.npmjs.org/assign-symbols/-/assign-symbols-2.0.2.tgz",
            "integrity": "sha512-9sBQUQZMKFKcO/C3Bo6Rx4CQany0R0UeVcefNGRRdW2vbmaMOhV1sbmlXcQLcD56juLXbSGTBm0GGuvmrAF8pA=="
        },
        "joi": {
            "version": "17.4.0",
            "resolved": "https://registry.npmjs.org/joi/-/joi-17.4.0.tgz",
            "integrity": "sha512-F4WiW2xaV6wc1jxete70Rw4V/VuMd6IN+a5ilZsxG4uYtUXWu2kq9W5P2dz30e7Gmw8RCbY/u/uk+dMPma9tAg==",
            "peer": true,
            "requires": {
                "@hapi/hoek": "^9.0.0",
                "@hapi/topo": "^5.0.0",
                "@sideway/address": "^4.1.0",
                "@sideway/formula": "^3.0.0",
                "@sideway/pinpoint": "^2.0.0"
            }
        },
        "lodash": {
            "version": "4.17.20",
            "resolved": "https://registry.npmjs.org/lodash/-/lodash-4.17.20.tgz",
            "integrity": "sha512-PlhdFcillOINfeV7Ni6oF1TAEayyZBoZ8bcshTHqOYJYlrqzRK5hagpagky5o4HfCzzd1TRkXPMFq6cKk9rGmA=="
        }
    }
}
